
Microsoft Visual Studio Solution File, Format Version 12.00
# Visual Studio Version 17
VisualStudioVersion = 17.11.35327.3
MinimumVisualStudioVersion = 10.0.40219.1
Project("{9A19103F-16F7-4668-BE54-9A1E7A4F7556}") = "GiurcaAndreiLab7", "GiurcaAndreiLab7.csproj", "{44F26122-4D35-4F85-9814-4D030D9F9808}"
EndProject
Project("{2150E333-8FDC-42A3-9474-1A3956D46DE8}") = "Solution Items", "Solution Items", "{9324D44C-5B4B-4B37-A266-2923CF450014}"
	ProjectSection(SolutionItems) = preProject
		.editorconfig = .editorconfig
	EndProjectSection
EndProject
Global
	GlobalSection(SolutionConfigurationPlatforms) = preSolution
		Debug|Any CPU = Debug|Any CPU
		Release|Any CPU = Release|Any CPU
	EndGlobalSection
	GlobalSection(ProjectConfigurationPlatforms) = postSolution
		{44F26122-4D35-4F85-9814-4D030D9F9808}.Debug|Any CPU.ActiveCfg = Debug|Any CPU
		{44F26122-4D35-4F85-9814-4D030D9F9808}.Debug|Any CPU.Build.0 = Debug|Any CPU
		{44F26122-4D35-4F85-9814-4D030D9F9808}.Debug|Any CPU.Deploy.0 = Debug|Any CPU
		{44F26122-4D35-4F85-9814-4D030D9F9808}.Release|Any CPU.ActiveCfg = Release|Any CPU
		{44F26122-4D35-4F85-9814-4D030D9F9808}.Release|Any CPU.Build.0 = Release|Any CPU
		{44F26122-4D35-4F85-9814-4D030D9F9808}.Release|Any CPU.Deploy.0 = Release|Any CPU
	EndGlobalSection
	GlobalSection(SolutionProperties) = preSolution
		HideSolutionNode = FALSE
	EndGlobalSection
	GlobalSection(ExtensibilityGlobals) = postSolution
		SolutionGuid = {B21AB009-5ED7-45C7-AAEA-57B09F09CAED}
	EndGlobalSection
EndGlobal
